# This file is automatically @generated by Cargo.
# It is not intended for manual editing.
version = 4

[[package]]
name = "kraf"
version = "0.0.1"
dependencies = [
 "kraf-core",
 "kraf-environment",
]

[[package]]
name = "kraf-core"
version = "0.0.1"

[[package]]
name = "kraf-environment"
version = "0.0.1"
dependencies = [
 "kraf-core",
]
